
Microsoft Visual Studio Solution File, Format Version 12.00
# Visual Studio Version 16
VisualStudioVersion = 16.0.31424.327
MinimumVisualStudioVersion = 10.0.40219.1
Project("{9A19103F-16F7-4668-BE54-9A1E7A4F7556}") = "Smart_Study_Planner", "Smart_Study_Planner.csproj", "{6352B4AA-3604-4341-9331-40AFE7043025}"
EndProject
Global
	GlobalSection(SolutionConfigurationPlatforms) = preSolution
		Debug|Any CPU = Debug|Any CPU
		Release|Any CPU = Release|Any CPU
	EndGlobalSection
	GlobalSection(ProjectConfigurationPlatforms) = postSolution
		{6352B4AA-3604-4341-9331-40AFE7043025}.Debug|Any CPU.ActiveCfg = Debug|Any CPU
		{6352B4AA-3604-4341-9331-40AFE7043025}.Debug|Any CPU.Build.0 = Debug|Any CPU
		{6352B4AA-3604-4341-9331-40AFE7043025}.Release|Any CPU.ActiveCfg = Release|Any CPU
		{6352B4AA-3604-4341-9331-40AFE7043025}.Release|Any CPU.Build.0 = Release|Any CPU
	EndGlobalSection
	GlobalSection(SolutionProperties) = preSolution
		HideSolutionNode = FALSE
	EndGlobalSection
	GlobalSection(ExtensibilityGlobals) = postSolution
		SolutionGuid = {3CE2A85B-29F5-4291-8CA0-7773AA0A79CD}
	EndGlobalSection
EndGlobal
